
Microsoft Visual Studio Solution File, Format Version 12.00
# Visual Studio Version 17
VisualStudioVersion = 17.8.34322.80
MinimumVisualStudioVersion = 10.0.40219.1
Project("{FAE04EC0-301F-11D3-BF4B-00C04F79EFBC}") = "odev", "odev\odev.csproj", "{95C02F51-8545-49E1-A11F-895276B037AA}"
EndProject
Global
	GlobalSection(SolutionConfigurationPlatforms) = preSolution
		Debug|Any CPU = Debug|Any CPU
		Release|Any CPU = Release|Any CPU
	EndGlobalSection
	GlobalSection(ProjectConfigurationPlatforms) = postSolution
		{95C02F51-8545-49E1-A11F-895276B037AA}.Debug|Any CPU.ActiveCfg = Debug|Any CPU
		{95C02F51-8545-49E1-A11F-895276B037AA}.Debug|Any CPU.Build.0 = Debug|Any CPU
		{95C02F51-8545-49E1-A11F-895276B037AA}.Release|Any CPU.ActiveCfg = Release|Any CPU
		{95C02F51-8545-49E1-A11F-895276B037AA}.Release|Any CPU.Build.0 = Release|Any CPU
	EndGlobalSection
	GlobalSection(SolutionProperties) = preSolution
		HideSolutionNode = FALSE
	EndGlobalSection
	GlobalSection(ExtensibilityGlobals) = postSolution
		SolutionGuid = {782B6E41-1ECC-4B23-8600-8E8B77E29EE1}
	EndGlobalSection
EndGlobal
